// !$*UTF8*$!
{
	archiveVersion = 1;
	classes = {
	};
	objectVersion = 46;
	objects = {

/* Begin PBXBuildFile section */
		376404E915BB2D0700C8FA8E /* UIKit.framework in Frameworks */ = {isa = PBXBuildFile; fileRef = 376404E815BB2D0700C8FA8E /* UIKit.framework */; };
		376404EB15BB2D0700C8FA8E /* Foundation.framework in Frameworks */ = {isa = PBXBuildFile; fileRef = 376404EA15BB2D0700C8FA8E /* Foundation.framework */; };
		376404ED15BB2D0700C8FA8E /* CoreGraphics.framework in Frameworks */ = {isa = PBXBuildFile; fileRef = 376404EC15BB2D0700C8FA8E /* CoreGraphics.framework */; };
		376404F315BB2D0700C8FA8E /* InfoPlist.strings in Resources */ = {isa = PBXBuildFile; fileRef = 376404F115BB2D0700C8FA8E /* InfoPlist.strings */; };
		376404F515BB2D0700C8FA8E /* main.m in Sources */ = {isa = PBXBuildFile; fileRef = 376404F415BB2D0700C8FA8E /* main.m */; };
		376404F915BB2D0700C8FA8E /* TIAppDelegate.m in Sources */ = {isa = PBXBuildFile; fileRef = 376404F815BB2D0700C8FA8E /* TIAppDelegate.m */; };
		376404FC15BB2D0700C8FA8E /* MainStoryboard.storyboard in Resources */ = {isa = PBXBuildFile; fileRef = 376404FA15BB2D0700C8FA8E /* MainStoryboard.storyboard */; };
		376404FF15BB2D0700C8FA8E /* TIViewController.m in Sources */ = {isa = PBXBuildFile; fileRef = 376404FE15BB2D0700C8FA8E /* TIViewController.m */; };
		3764050715BB2D0700C8FA8E /* SenTestingKit.framework in Frameworks */ = {isa = PBXBuildFile; fileRef = 3764050615BB2D0700C8FA8E /* SenTestingKit.framework */; };
		3764050815BB2D0700C8FA8E /* UIKit.framework in Frameworks */ = {isa = PBXBuildFile; fileRef = 376404E815BB2D0700C8FA8E /* UIKit.framework */; };
		3764050915BB2D0700C8FA8E /* Foundation.framework in Frameworks */ = {isa = PBXBuildFile; fileRef = 376404EA15BB2D0700C8FA8E /* Foundation.framework */; };
		3764051115BB2D0700C8FA8E /* InfoPlist.strings in Resources */ = {isa = PBXBuildFile; fileRef = 3764050F15BB2D0700C8FA8E /* InfoPlist.strings */; };
		3764051415BB2D0700C8FA8E /* TourItTests.m in Sources */ = {isa = PBXBuildFile; fileRef = 3764051315BB2D0700C8FA8E /* TourItTests.m */; };
		3764051F15BB2DD100C8FA8E /* TICameraControllerViewController.m in Sources */ = {isa = PBXBuildFile; fileRef = 3764051E15BB2DD100C8FA8E /* TICameraControllerViewController.m */; };
		3764052215BB336000C8FA8E /* TIMapController.m in Sources */ = {isa = PBXBuildFile; fileRef = 3764052115BB336000C8FA8E /* TIMapController.m */; };
		3764052415BB33E400C8FA8E /* MapKit.framework in Frameworks */ = {isa = PBXBuildFile; fileRef = 3764052315BB33E400C8FA8E /* MapKit.framework */; };
		3764054D15BB36A500C8FA8E /* Parse.framework in Frameworks */ = {isa = PBXBuildFile; fileRef = 3764054C15BB36A500C8FA8E /* Parse.framework */; };
		3764054F15BB36CA00C8FA8E /* AudioToolbox.framework in Frameworks */ = {isa = PBXBuildFile; fileRef = 3764054E15BB36CA00C8FA8E /* AudioToolbox.framework */; };
		3764055115BB36D200C8FA8E /* CFNetwork.framework in Frameworks */ = {isa = PBXBuildFile; fileRef = 3764055015BB36D200C8FA8E /* CFNetwork.framework */; };
		3764055315BB36DE00C8FA8E /* SystemConfiguration.framework in Frameworks */ = {isa = PBXBuildFile; fileRef = 3764055215BB36DE00C8FA8E /* SystemConfiguration.framework */; };
		3764055515BB36E700C8FA8E /* MobileCoreServices.framework in Frameworks */ = {isa = PBXBuildFile; fileRef = 3764055415BB36E700C8FA8E /* MobileCoreServices.framework */; };
		3764055715BB36F900C8FA8E /* libz.1.1.3.dylib in Frameworks */ = {isa = PBXBuildFile; fileRef = 3764055615BB36F900C8FA8E /* libz.1.1.3.dylib */; };
		3764055915BB370600C8FA8E /* QuartzCore.framework in Frameworks */ = {isa = PBXBuildFile; fileRef = 3764055815BB370600C8FA8E /* QuartzCore.framework */; };
		3764055B15BB370C00C8FA8E /* Security.framework in Frameworks */ = {isa = PBXBuildFile; fileRef = 3764055A15BB370C00C8FA8E /* Security.framework */; };
		3764056215BB460000C8FA8E /* TIPointOfInterest.m in Sources */ = {isa = PBXBuildFile; fileRef = 3764056115BB460000C8FA8E /* TIPointOfInterest.m */; };
		3774064A15BB6B4300D5A643 /* CoreLocation.framework in Frameworks */ = {isa = PBXBuildFile; fileRef = 3774064915BB6B4300D5A643 /* CoreLocation.framework */; };
		378F380115BBA6F6004C5508 /* TITags.m in Sources */ = {isa = PBXBuildFile; fileRef = 378F380015BBA6F6004C5508 /* TITags.m */; };
		378F380515BC65BE004C5508 /* arrow1.png in Resources */ = {isa = PBXBuildFile; fileRef = 378F380315BC65BE004C5508 /* arrow1.png */; };
		378F380615BC65BE004C5508 /* arrow2.png in Resources */ = {isa = PBXBuildFile; fileRef = 378F380415BC65BE004C5508 /* arrow2.png */; };
		378F380915BC7094004C5508 /* TISwipeDownGestureRecognizer.m in Sources */ = {isa = PBXBuildFile; fileRef = 378F380815BC7094004C5508 /* TISwipeDownGestureRecognizer.m */; };
		37EE350515BB87EC000A7178 /* bgndtexture.jpg in Resources */ = {isa = PBXBuildFile; fileRef = 37EE350415BB87EC000A7178 /* bgndtexture.jpg */; };
		37EE351D15BB9ECD000A7178 /* ClarendonLTStd-Bold.otf in Resources */ = {isa = PBXBuildFile; fileRef = 37EE350715BB9ECD000A7178 /* ClarendonLTStd-Bold.otf */; };
		37EE351E15BB9ECD000A7178 /* ClarendonLTStd-Light.otf in Resources */ = {isa = PBXBuildFile; fileRef = 37EE350815BB9ECD000A7178 /* ClarendonLTStd-Light.otf */; };
		37EE351F15BB9ECD000A7178 /* ClarendonLTStd.otf in Resources */ = {isa = PBXBuildFile; fileRef = 37EE350915BB9ECD000A7178 /* ClarendonLTStd.otf */; };
		37EE352015BB9ECD000A7178 /* FuturaStd-Bold.otf in Resources */ = {isa = PBXBuildFile; fileRef = 37EE350A15BB9ECD000A7178 /* FuturaStd-Bold.otf */; };
		37EE352115BB9ECD000A7178 /* FuturaStd-BoldOblique.otf in Resources */ = {isa = PBXBuildFile; fileRef = 37EE350B15BB9ECD000A7178 /* FuturaStd-BoldOblique.otf */; };
		37EE352215BB9ECD000A7178 /* FuturaStd-Book.otf in Resources */ = {isa = PBXBuildFile; fileRef = 37EE350C15BB9ECD000A7178 /* FuturaStd-Book.otf */; };
		37EE352315BB9ECD000A7178 /* FuturaStd-BookOblique.otf in Resources */ = {isa = PBXBuildFile; fileRef = 37EE350D15BB9ECD000A7178 /* FuturaStd-BookOblique.otf */; };
		37EE352415BB9ECD000A7178 /* FuturaStd-Condensed.otf in Resources */ = {isa = PBXBuildFile; fileRef = 37EE350E15BB9ECD000A7178 /* FuturaStd-Condensed.otf */; };
		37EE352515BB9ECD000A7178 /* FuturaStd-CondensedBold.otf in Resources */ = {isa = PBXBuildFile; fileRef = 37EE350F15BB9ECD000A7178 /* FuturaStd-CondensedBold.otf */; };
		37EE352615BB9ECD000A7178 /* FuturaStd-CondensedBoldObl.otf in Resources */ = {isa = PBXBuildFile; fileRef = 37EE351015BB9ECD000A7178 /* FuturaStd-CondensedBoldObl.otf */; };
		37EE352715BB9ECD000A7178 /* FuturaStd-CondensedExtraBd.otf in Resources */ = {isa = PBXBuildFile; fileRef = 37EE351115BB9ECD000A7178 /* FuturaStd-CondensedExtraBd.otf */; };
		37EE352815BB9ECD000A7178 /* FuturaStd-CondensedLight.otf in Resources */ = {isa = PBXBuildFile; fileRef = 37EE351215BB9ECD000A7178 /* FuturaStd-CondensedLight.otf */; };
		37EE352915BB9ECD000A7178 /* FuturaStd-CondensedLightObl.otf in Resources */ = {isa = PBXBuildFile; fileRef = 37EE351315BB9ECD000A7178 /* FuturaStd-CondensedLightObl.otf */; };
		37EE352A15BB9ECD000A7178 /* FuturaStd-CondensedOblique.otf in Resources */ = {isa = PBXBuildFile; fileRef = 37EE351415BB9ECD000A7178 /* FuturaStd-CondensedOblique.otf */; };
		37EE352B15BB9ECD000A7178 /* FuturaStd-CondExtraBoldObl.otf in Resources */ = {isa = PBXBuildFile; fileRef = 37EE351515BB9ECD000A7178 /* FuturaStd-CondExtraBoldObl.otf */; };
		37EE352C15BB9ECD000A7178 /* FuturaStd-ExtraBold.otf in Resources */ = {isa = PBXBuildFile; fileRef = 37EE351615BB9ECD000A7178 /* FuturaStd-ExtraBold.otf */; };
		37EE352D15BB9ECD000A7178 /* FuturaStd-ExtraBoldOblique.otf in Resources */ = {isa = PBXBuildFile; fileRef = 37EE351715BB9ECD000A7178 /* FuturaStd-ExtraBoldOblique.otf */; };
		37EE352E15BB9ECD000A7178 /* FuturaStd-HeavyOblique.otf in Resources */ = {isa = PBXBuildFile; fileRef = 37EE351815BB9ECD000A7178 /* FuturaStd-HeavyOblique.otf */; };
		37EE352F15BB9ECD000A7178 /* FuturaStd-Light.otf in Resources */ = {isa = PBXBuildFile; fileRef = 37EE351915BB9ECD000A7178 /* FuturaStd-Light.otf */; };
		37EE353015BB9ECD000A7178 /* FuturaStd-LightOblique.otf in Resources */ = {isa = PBXBuildFile; fileRef = 37EE351A15BB9ECD000A7178 /* FuturaStd-LightOblique.otf */; };
		37EE353115BB9ECD000A7178 /* FuturaStd-Medium.otf in Resources */ = {isa = PBXBuildFile; fileRef = 37EE351B15BB9ECD000A7178 /* FuturaStd-Medium.otf */; };
		37EE353215BB9ECD000A7178 /* FuturaStd-MediumOblique.otf in Resources */ = {isa = PBXBuildFile; fileRef = 37EE351C15BB9ECD000A7178 /* FuturaStd-MediumOblique.otf */; };
/* End PBXBuildFile section */

/* Begin PBXContainerItemProxy section */
		3764050A15BB2D0700C8FA8E /* PBXContainerItemProxy */ = {
			isa = PBXContainerItemProxy;
			containerPortal = 376404DB15BB2D0600C8FA8E /* Project object */;
			proxyType = 1;
			remoteGlobalIDString = 376404E315BB2D0700C8FA8E;
			remoteInfo = TourIt;
		};
/* End PBXContainerItemProxy section */

/* Begin PBXFileReference section */
		376404E415BB2D0700C8FA8E /* TourIt.app */ = {isa = PBXFileReference; explicitFileType = wrapper.application; includeInIndex = 0; path = TourIt.app; sourceTree = BUILT_PRODUCTS_DIR; };
		376404E815BB2D0700C8FA8E /* UIKit.framework */ = {isa = PBXFileReference; lastKnownFileType = wrapper.framework; name = UIKit.framework; path = System/Library/Frameworks/UIKit.framework; sourceTree = SDKROOT; };
		376404EA15BB2D0700C8FA8E /* Foundation.framework */ = {isa = PBXFileReference; lastKnownFileType = wrapper.framework; name = Foundation.framework; path = System/Library/Frameworks/Foundation.framework; sourceTree = SDKROOT; };
		376404EC15BB2D0700C8FA8E /* CoreGraphics.framework */ = {isa = PBXFileReference; lastKnownFileType = wrapper.framework; name = CoreGraphics.framework; path = System/Library/Frameworks/CoreGraphics.framework; sourceTree = SDKROOT; };
		376404F015BB2D0700C8FA8E /* TourIt-Info.plist */ = {isa = PBXFileReference; lastKnownFileType = text.plist.xml; path = "TourIt-Info.plist"; sourceTree = "<group>"; };
		376404F215BB2D0700C8FA8E /* en */ = {isa = PBXFileReference; lastKnownFileType = text.plist.strings; name = en; path = en.lproj/InfoPlist.strings; sourceTree = "<group>"; };
		376404F415BB2D0700C8FA8E /* main.m */ = {isa = PBXFileReference; lastKnownFileType = sourcecode.c.objc; path = main.m; sourceTree = "<group>"; };
		376404F615BB2D0700C8FA8E /* TourIt-Prefix.pch */ = {isa = PBXFileReference; lastKnownFileType = sourcecode.c.h; path = "TourIt-Prefix.pch"; sourceTree = "<group>"; };
		376404F715BB2D0700C8FA8E /* TIAppDelegate.h */ = {isa = PBXFileReference; lastKnownFileType = sourcecode.c.h; path = TIAppDelegate.h; sourceTree = "<group>"; };
		376404F815BB2D0700C8FA8E /* TIAppDelegate.m */ = {isa = PBXFileReference; lastKnownFileType = sourcecode.c.objc; path = TIAppDelegate.m; sourceTree = "<group>"; };
		376404FB15BB2D0700C8FA8E /* en */ = {isa = PBXFileReference; lastKnownFileType = file.storyboard; name = en; path = en.lproj/MainStoryboard.storyboard; sourceTree = "<group>"; };
		376404FD15BB2D0700C8FA8E /* TIViewController.h */ = {isa = PBXFileReference; lastKnownFileType = sourcecode.c.h; path = TIViewController.h; sourceTree = "<group>"; };
		376404FE15BB2D0700C8FA8E /* TIViewController.m */ = {isa = PBXFileReference; lastKnownFileType = sourcecode.c.objc; path = TIViewController.m; sourceTree = "<group>"; };
		3764050515BB2D0700C8FA8E /* TourItTests.octest */ = {isa = PBXFileReference; explicitFileType = wrapper.cfbundle; includeInIndex = 0; path = TourItTests.octest; sourceTree = BUILT_PRODUCTS_DIR; };
		3764050615BB2D0700C8FA8E /* SenTestingKit.framework */ = {isa = PBXFileReference; lastKnownFileType = wrapper.framework; name = SenTestingKit.framework; path = Library/Frameworks/SenTestingKit.framework; sourceTree = DEVELOPER_DIR; };
		3764050E15BB2D0700C8FA8E /* TourItTests-Info.plist */ = {isa = PBXFileReference; lastKnownFileType = text.plist.xml; path = "TourItTests-Info.plist"; sourceTree = "<group>"; };
		3764051015BB2D0700C8FA8E /* en */ = {isa = PBXFileReference; lastKnownFileType = text.plist.strings; name = en; path = en.lproj/InfoPlist.strings; sourceTree = "<group>"; };
		3764051215BB2D0700C8FA8E /* TourItTests.h */ = {isa = PBXFileReference; lastKnownFileType = sourcecode.c.h; path = TourItTests.h; sourceTree = "<group>"; };
		3764051315BB2D0700C8FA8E /* TourItTests.m */ = {isa = PBXFileReference; lastKnownFileType = sourcecode.c.objc; path = TourItTests.m; sourceTree = "<group>"; };
		3764051D15BB2DD100C8FA8E /* TICameraControllerViewController.h */ = {isa = PBXFileReference; fileEncoding = 4; lastKnownFileType = sourcecode.c.h; path = TICameraControllerViewController.h; sourceTree = "<group>"; };
		3764051E15BB2DD100C8FA8E /* TICameraControllerViewController.m */ = {isa = PBXFileReference; fileEncoding = 4; lastKnownFileType = sourcecode.c.objc; path = TICameraControllerViewController.m; sourceTree = "<group>"; };
		3764052015BB336000C8FA8E /* TIMapController.h */ = {isa = PBXFileReference; fileEncoding = 4; lastKnownFileType = sourcecode.c.h; name = TIMapController.h; path = ../TIMapController.h; sourceTree = "<group>"; };
		3764052115BB336000C8FA8E /* TIMapController.m */ = {isa = PBXFileReference; fileEncoding = 4; lastKnownFileType = sourcecode.c.objc; name = TIMapController.m; path = ../TIMapController.m; sourceTree = "<group>"; };
		3764052315BB33E400C8FA8E /* MapKit.framework */ = {isa = PBXFileReference; lastKnownFileType = wrapper.framework; name = MapKit.framework; path = System/Library/Frameworks/MapKit.framework; sourceTree = SDKROOT; };
		3764054C15BB36A500C8FA8E /* Parse.framework */ = {isa = PBXFileReference; lastKnownFileType = wrapper.framework; path = Parse.framework; sourceTree = "<group>"; };
		3764054E15BB36CA00C8FA8E /* AudioToolbox.framework */ = {isa = PBXFileReference; lastKnownFileType = wrapper.framework; name = AudioToolbox.framework; path = System/Library/Frameworks/AudioToolbox.framework; sourceTree = SDKROOT; };
		3764055015BB36D200C8FA8E /* CFNetwork.framework */ = {isa = PBXFileReference; lastKnownFileType = wrapper.framework; name = CFNetwork.framework; path = System/Library/Frameworks/CFNetwork.framework; sourceTree = SDKROOT; };
		3764055215BB36DE00C8FA8E /* SystemConfiguration.framework */ = {isa = PBXFileReference; lastKnownFileType = wrapper.framework; name = SystemConfiguration.framework; path = System/Library/Frameworks/SystemConfiguration.framework; sourceTree = SDKROOT; };
		3764055415BB36E700C8FA8E /* MobileCoreServices.framework */ = {isa = PBXFileReference; lastKnownFileType = wrapper.framework; name = MobileCoreServices.framework; path = System/Library/Frameworks/MobileCoreServices.framework; sourceTree = SDKROOT; };
		3764055615BB36F900C8FA8E /* libz.1.1.3.dylib */ = {isa = PBXFileReference; lastKnownFileType = "compiled.mach-o.dylib"; name = libz.1.1.3.dylib; path = usr/lib/libz.1.1.3.dylib; sourceTree = SDKROOT; };
		3764055815BB370600C8FA8E /* QuartzCore.framework */ = {isa = PBXFileReference; lastKnownFileType = wrapper.framework; name = QuartzCore.framework; path = System/Library/Frameworks/QuartzCore.framework; sourceTree = SDKROOT; };
		3764055A15BB370C00C8FA8E /* Security.framework */ = {isa = PBXFileReference; lastKnownFileType = wrapper.framework; name = Security.framework; path = System/Library/Frameworks/Security.framework; sourceTree = SDKROOT; };
		3764056015BB460000C8FA8E /* TIPointOfInterest.h */ = {isa = PBXFileReference; fileEncoding = 4; lastKnownFileType = sourcecode.c.h; path = TIPointOfInterest.h; sourceTree = "<group>"; };
		3764056115BB460000C8FA8E /* TIPointOfInterest.m */ = {isa = PBXFileReference; fileEncoding = 4; lastKnownFileType = sourcecode.c.objc; path = TIPointOfInterest.m; sourceTree = "<group>"; };
		3774064915BB6B4300D5A643 /* CoreLocation.framework */ = {isa = PBXFileReference; lastKnownFileType = wrapper.framework; name = CoreLocation.framework; path = System/Library/Frameworks/CoreLocation.framework; sourceTree = SDKROOT; };
		378F37FF15BBA6F6004C5508 /* TITags.h */ = {isa = PBXFileReference; fileEncoding = 4; lastKnownFileType = sourcecode.c.h; path = TITags.h; sourceTree = "<group>"; };
		378F380015BBA6F6004C5508 /* TITags.m */ = {isa = PBXFileReference; fileEncoding = 4; lastKnownFileType = sourcecode.c.objc; path = TITags.m; sourceTree = "<group>"; };
		378F380315BC65BE004C5508 /* arrow1.png */ = {isa = PBXFileReference; lastKnownFileType = image.png; path = arrow1.png; sourceTree = "<group>"; };
		378F380415BC65BE004C5508 /* arrow2.png */ = {isa = PBXFileReference; lastKnownFileType = image.png; path = arrow2.png; sourceTree = "<group>"; };
		378F380715BC7093004C5508 /* TISwipeDownGestureRecognizer.h */ = {isa = PBXFileReference; fileEncoding = 4; lastKnownFileType = sourcecode.c.h; path = TISwipeDownGestureRecognizer.h; sourceTree = "<group>"; };
		378F380815BC7094004C5508 /* TISwipeDownGestureRecognizer.m */ = {isa = PBXFileReference; fileEncoding = 4; lastKnownFileType = sourcecode.c.objc; path = TISwipeDownGestureRecognizer.m; sourceTree = "<group>"; };
		37EE350415BB87EC000A7178 /* bgndtexture.jpg */ = {isa = PBXFileReference; lastKnownFileType = image.jpeg; path = bgndtexture.jpg; sourceTree = "<group>"; };
		37EE350715BB9ECD000A7178 /* ClarendonLTStd-Bold.otf */ = {isa = PBXFileReference; lastKnownFileType = file; path = "ClarendonLTStd-Bold.otf"; sourceTree = "<group>"; };
		37EE350815BB9ECD000A7178 /* ClarendonLTStd-Light.otf */ = {isa = PBXFileReference; lastKnownFileType = file; path = "ClarendonLTStd-Light.otf"; sourceTree = "<group>"; };
		37EE350915BB9ECD000A7178 /* ClarendonLTStd.otf */ = {isa = PBXFileReference; lastKnownFileType = file; path = ClarendonLTStd.otf; sourceTree = "<group>"; };
		37EE350A15BB9ECD000A7178 /* FuturaStd-Bold.otf */ = {isa = PBXFileReference; lastKnownFileType = file; path = "FuturaStd-Bold.otf"; sourceTree = "<group>"; };
		37EE350B15BB9ECD000A7178 /* FuturaStd-BoldOblique.otf */ = {isa = PBXFileReference; lastKnownFileType = file; path = "FuturaStd-BoldOblique.otf"; sourceTree = "<group>"; };
		37EE350C15BB9ECD000A7178 /* FuturaStd-Book.otf */ = {isa = PBXFileReference; lastKnownFileType = file; path = "FuturaStd-Book.otf"; sourceTree = "<group>"; };
		37EE350D15BB9ECD000A7178 /* FuturaStd-BookOblique.otf */ = {isa = PBXFileReference; lastKnownFileType = file; path = "FuturaStd-BookOblique.otf"; sourceTree = "<group>"; };
		37EE350E15BB9ECD000A7178 /* FuturaStd-Condensed.otf */ = {isa = PBXFileReference; lastKnownFileType = file; path = "FuturaStd-Condensed.otf"; sourceTree = "<group>"; };
		37EE350F15BB9ECD000A7178 /* FuturaStd-CondensedBold.otf */ = {isa = PBXFileReference; lastKnownFileType = file; path = "FuturaStd-CondensedBold.otf"; sourceTree = "<group>"; };
		37EE351015BB9ECD000A7178 /* FuturaStd-CondensedBoldObl.otf */ = {isa = PBXFileReference; lastKnownFileType = file; path = "FuturaStd-CondensedBoldObl.otf"; sourceTree = "<group>"; };
		37EE351115BB9ECD000A7178 /* FuturaStd-CondensedExtraBd.otf */ = {isa = PBXFileReference; lastKnownFileType = file; path = "FuturaStd-CondensedExtraBd.otf"; sourceTree = "<group>"; };
		37EE351215BB9ECD000A7178 /* FuturaStd-CondensedLight.otf */ = {isa = PBXFileReference; lastKnownFileType = file; path = "FuturaStd-CondensedLight.otf"; sourceTree = "<group>"; };
		37EE351315BB9ECD000A7178 /* FuturaStd-CondensedLightObl.otf */ = {isa = PBXFileReference; lastKnownFileType = file; path = "FuturaStd-CondensedLightObl.otf"; sourceTree = "<group>"; };
		37EE351415BB9ECD000A7178 /* FuturaStd-CondensedOblique.otf */ = {isa = PBXFileReference; lastKnownFileType = file; path = "FuturaStd-CondensedOblique.otf"; sourceTree = "<group>"; };
		37EE351515BB9ECD000A7178 /* FuturaStd-CondExtraBoldObl.otf */ = {isa = PBXFileReference; lastKnownFileType = file; path = "FuturaStd-CondExtraBoldObl.otf"; sourceTree = "<group>"; };
		37EE351615BB9ECD000A7178 /* FuturaStd-ExtraBold.otf */ = {isa = PBXFileReference; lastKnownFileType = file; path = "FuturaStd-ExtraBold.otf"; sourceTree = "<group>"; };
		37EE351715BB9ECD000A7178 /* FuturaStd-ExtraBoldOblique.otf */ = {isa = PBXFileReference; lastKnownFileType = file; path = "FuturaStd-ExtraBoldOblique.otf"; sourceTree = "<group>"; };
		37EE351815BB9ECD000A7178 /* FuturaStd-HeavyOblique.otf */ = {isa = PBXFileReference; lastKnownFileType = file; path = "FuturaStd-HeavyOblique.otf"; sourceTree = "<group>"; };
		37EE351915BB9ECD000A7178 /* FuturaStd-Light.otf */ = {isa = PBXFileReference; lastKnownFileType = file; path = "FuturaStd-Light.otf"; sourceTree = "<group>"; };
		37EE351A15BB9ECD000A7178 /* FuturaStd-LightOblique.otf */ = {isa = PBXFileReference; lastKnownFileType = file; path = "FuturaStd-LightOblique.otf"; sourceTree = "<group>"; };
		37EE351B15BB9ECD000A7178 /* FuturaStd-Medium.otf */ = {isa = PBXFileReference; lastKnownFileType = file; path = "FuturaStd-Medium.otf"; sourceTree = "<group>"; };
		37EE351C15BB9ECD000A7178 /* FuturaStd-MediumOblique.otf */ = {isa = PBXFileReference; lastKnownFileType = file; path = "FuturaStd-MediumOblique.otf"; sourceTree = "<group>"; };
/* End PBXFileReference section */

/* Begin PBXFrameworksBuildPhase section */
		376404E115BB2D0700C8FA8E /* Frameworks */ = {
			isa = PBXFrameworksBuildPhase;
			buildActionMask = 2147483647;
			files = (
				3774064A15BB6B4300D5A643 /* CoreLocation.framework in Frameworks */,
				3764055B15BB370C00C8FA8E /* Security.framework in Frameworks */,
				3764055915BB370600C8FA8E /* QuartzCore.framework in Frameworks */,
				3764055715BB36F900C8FA8E /* libz.1.1.3.dylib in Frameworks */,
				3764055515BB36E700C8FA8E /* MobileCoreServices.framework in Frameworks */,
				3764055315BB36DE00C8FA8E /* SystemConfiguration.framework in Frameworks */,
				3764055115BB36D200C8FA8E /* CFNetwork.framework in Frameworks */,
				3764054F15BB36CA00C8FA8E /* AudioToolbox.framework in Frameworks */,
				3764052415BB33E400C8FA8E /* MapKit.framework in Frameworks */,
				376404E915BB2D0700C8FA8E /* UIKit.framework in Frameworks */,
				376404EB15BB2D0700C8FA8E /* Foundation.framework in Frameworks */,
				376404ED15BB2D0700C8FA8E /* CoreGraphics.framework in Frameworks */,
				3764054D15BB36A500C8FA8E /* Parse.framework in Frameworks */,
			);
			runOnlyForDeploymentPostprocessing = 0;
		};
		3764050115BB2D0700C8FA8E /* Frameworks */ = {
			isa = PBXFrameworksBuildPhase;
			buildActionMask = 2147483647;
			files = (
				3764050715BB2D0700C8FA8E /* SenTestingKit.framework in Frameworks */,
				3764050815BB2D0700C8FA8E /* UIKit.framework in Frameworks */,
				3764050915BB2D0700C8FA8E /* Foundation.framework in Frameworks */,
			);
			runOnlyForDeploymentPostprocessing = 0;
		};
/* End PBXFrameworksBuildPhase section */

/* Begin PBXGroup section */
		376404D915BB2D0600C8FA8E = {
			isa = PBXGroup;
			children = (
				37EE350415BB87EC000A7178 /* bgndtexture.jpg */,
				37EE350715BB9ECD000A7178 /* ClarendonLTStd-Bold.otf */,
				37EE350815BB9ECD000A7178 /* ClarendonLTStd-Light.otf */,
				37EE350915BB9ECD000A7178 /* ClarendonLTStd.otf */,
				37EE350A15BB9ECD000A7178 /* FuturaStd-Bold.otf */,
				37EE350B15BB9ECD000A7178 /* FuturaStd-BoldOblique.otf */,
				37EE350C15BB9ECD000A7178 /* FuturaStd-Book.otf */,
				37EE350D15BB9ECD000A7178 /* FuturaStd-BookOblique.otf */,
				37EE350E15BB9ECD000A7178 /* FuturaStd-Condensed.otf */,
				37EE350F15BB9ECD000A7178 /* FuturaStd-CondensedBold.otf */,
				37EE351015BB9ECD000A7178 /* FuturaStd-CondensedBoldObl.otf */,
				37EE351115BB9ECD000A7178 /* FuturaStd-CondensedExtraBd.otf */,
				37EE351215BB9ECD000A7178 /* FuturaStd-CondensedLight.otf */,
				37EE351315BB9ECD000A7178 /* FuturaStd-CondensedLightObl.otf */,
				37EE351415BB9ECD000A7178 /* FuturaStd-CondensedOblique.otf */,
				37EE351515BB9ECD000A7178 /* FuturaStd-CondExtraBoldObl.otf */,
				37EE351615BB9ECD000A7178 /* FuturaStd-ExtraBold.otf */,
				37EE351715BB9ECD000A7178 /* FuturaStd-ExtraBoldOblique.otf */,
				37EE351815BB9ECD000A7178 /* FuturaStd-HeavyOblique.otf */,
				37EE351915BB9ECD000A7178 /* FuturaStd-Light.otf */,
				37EE351A15BB9ECD000A7178 /* FuturaStd-LightOblique.otf */,
				37EE351B15BB9ECD000A7178 /* FuturaStd-Medium.otf */,
				37EE351C15BB9ECD000A7178 /* FuturaStd-MediumOblique.otf */,
				378F380315BC65BE004C5508 /* arrow1.png */,
				378F380415BC65BE004C5508 /* arrow2.png */,
				3774064915BB6B4300D5A643 /* CoreLocation.framework */,
				3764055F15BB45DE00C8FA8E /* Model */,
				376404EE15BB2D0700C8FA8E /* TourIt */,
				3764050C15BB2D0700C8FA8E /* TourItTests */,
				376404E715BB2D0700C8FA8E /* Frameworks */,
				376404E515BB2D0700C8FA8E /* Products */,
			);
			sourceTree = "<group>";
		};
		376404E515BB2D0700C8FA8E /* Products */ = {
			isa = PBXGroup;
			children = (
				376404E415BB2D0700C8FA8E /* TourIt.app */,
				3764050515BB2D0700C8FA8E /* TourItTests.octest */,
			);
			name = Products;
			sourceTree = "<group>";
		};
		376404E715BB2D0700C8FA8E /* Frameworks */ = {
			isa = PBXGroup;
			children = (
				3764055A15BB370C00C8FA8E /* Security.framework */,
				3764055815BB370600C8FA8E /* QuartzCore.framework */,
				3764055615BB36F900C8FA8E /* libz.1.1.3.dylib */,
				3764055415BB36E700C8FA8E /* MobileCoreServices.framework */,
				3764055215BB36DE00C8FA8E /* SystemConfiguration.framework */,
				3764055015BB36D200C8FA8E /* CFNetwork.framework */,
				3764054E15BB36CA00C8FA8E /* AudioToolbox.framework */,
				3764054C15BB36A500C8FA8E /* Parse.framework */,
				3764052315BB33E400C8FA8E /* MapKit.framework */,
				376404E815BB2D0700C8FA8E /* UIKit.framework */,
				376404EA15BB2D0700C8FA8E /* Foundation.framework */,
				376404EC15BB2D0700C8FA8E /* CoreGraphics.framework */,
				3764050615BB2D0700C8FA8E /* SenTestingKit.framework */,
			);
			name = Frameworks;
			sourceTree = "<group>";
		};
		376404EE15BB2D0700C8FA8E /* TourIt */ = {
			isa = PBXGroup;
			children = (
				3764052015BB336000C8FA8E /* TIMapController.h */,
				3764052115BB336000C8FA8E /* TIMapController.m */,
				376404F715BB2D0700C8FA8E /* TIAppDelegate.h */,
				376404F815BB2D0700C8FA8E /* TIAppDelegate.m */,
				376404FA15BB2D0700C8FA8E /* MainStoryboard.storyboard */,
				376404FD15BB2D0700C8FA8E /* TIViewController.h */,
				376404FE15BB2D0700C8FA8E /* TIViewController.m */,
				3764051D15BB2DD100C8FA8E /* TICameraControllerViewController.h */,
				3764051E15BB2DD100C8FA8E /* TICameraControllerViewController.m */,
				376404EF15BB2D0700C8FA8E /* Supporting Files */,
				378F380715BC7093004C5508 /* TISwipeDownGestureRecognizer.h */,
				378F380815BC7094004C5508 /* TISwipeDownGestureRecognizer.m */,
			);
			path = TourIt;
			sourceTree = "<group>";
		};
		376404EF15BB2D0700C8FA8E /* Supporting Files */ = {
			isa = PBXGroup;
			children = (
				376404F015BB2D0700C8FA8E /* TourIt-Info.plist */,
				376404F115BB2D0700C8FA8E /* InfoPlist.strings */,
				376404F415BB2D0700C8FA8E /* main.m */,
				376404F615BB2D0700C8FA8E /* TourIt-Prefix.pch */,
			);
			name = "Supporting Files";
			sourceTree = "<group>";
		};
		3764050C15BB2D0700C8FA8E /* TourItTests */ = {
			isa = PBXGroup;
			children = (
				3764051215BB2D0700C8FA8E /* TourItTests.h */,
				3764051315BB2D0700C8FA8E /* TourItTests.m */,
				3764050D15BB2D0700C8FA8E /* Supporting Files */,
			);
			path = TourItTests;
			sourceTree = "<group>";
		};
		3764050D15BB2D0700C8FA8E /* Supporting Files */ = {
			isa = PBXGroup;
			children = (
				3764050E15BB2D0700C8FA8E /* TourItTests-Info.plist */,
				3764050F15BB2D0700C8FA8E /* InfoPlist.strings */,
			);
			name = "Supporting Files";
			sourceTree = "<group>";
		};
		3764055F15BB45DE00C8FA8E /* Model */ = {
			isa = PBXGroup;
			children = (
				3764056015BB460000C8FA8E /* TIPointOfInterest.h */,
				3764056115BB460000C8FA8E /* TIPointOfInterest.m */,
				378F37FF15BBA6F6004C5508 /* TITags.h */,
				378F380015BBA6F6004C5508 /* TITags.m */,
			);
			name = Model;
			path = TourIt;
			sourceTree = "<group>";
		};
/* End PBXGroup section */

/* Begin PBXNativeTarget section */
		376404E315BB2D0700C8FA8E /* TourIt */ = {
			isa = PBXNativeTarget;
			buildConfigurationList = 3764051715BB2D0700C8FA8E /* Build configuration list for PBXNativeTarget "TourIt" */;
			buildPhases = (
				376404E015BB2D0700C8FA8E /* Sources */,
				376404E115BB2D0700C8FA8E /* Frameworks */,
				376404E215BB2D0700C8FA8E /* Resources */,
			);
			buildRules = (
			);
			dependencies = (
			);
			name = TourIt;
			productName = TourIt;
			productReference = 376404E415BB2D0700C8FA8E /* TourIt.app */;
			productType = "com.apple.product-type.application";
		};
		3764050415BB2D0700C8FA8E /* TourItTests */ = {
			isa = PBXNativeTarget;
			buildConfigurationList = 3764051A15BB2D0700C8FA8E /* Build configuration list for PBXNativeTarget "TourItTests" */;
			buildPhases = (
				3764050015BB2D0700C8FA8E /* Sources */,
				3764050115BB2D0700C8FA8E /* Frameworks */,
				3764050215BB2D0700C8FA8E /* Resources */,
				3764050315BB2D0700C8FA8E /* ShellScript */,
			);
			buildRules = (
			);
			dependencies = (
				3764050B15BB2D0700C8FA8E /* PBXTargetDependency */,
			);
			name = TourItTests;
			productName = TourItTests;
			productReference = 3764050515BB2D0700C8FA8E /* TourItTests.octest */;
			productType = "com.apple.product-type.bundle";
		};
/* End PBXNativeTarget section */

/* Begin PBXProject section */
		376404DB15BB2D0600C8FA8E /* Project object */ = {
			isa = PBXProject;
			attributes = {
				CLASSPREFIX = TI;
				LastUpgradeCheck = 0450;
				ORGANIZATIONNAME = DreamTeam;
			};
			buildConfigurationList = 376404DE15BB2D0600C8FA8E /* Build configuration list for PBXProject "TourIt" */;
			compatibilityVersion = "Xcode 3.2";
			developmentRegion = English;
			hasScannedForEncodings = 0;
			knownRegions = (
				en,
			);
			mainGroup = 376404D915BB2D0600C8FA8E;
			productRefGroup = 376404E515BB2D0700C8FA8E /* Products */;
			projectDirPath = "";
			projectRoot = "";
			targets = (
				376404E315BB2D0700C8FA8E /* TourIt */,
				3764050415BB2D0700C8FA8E /* TourItTests */,
			);
		};
/* End PBXProject section */

/* Begin PBXResourcesBuildPhase section */
		376404E215BB2D0700C8FA8E /* Resources */ = {
			isa = PBXResourcesBuildPhase;
			buildActionMask = 2147483647;
			files = (
				376404F315BB2D0700C8FA8E /* InfoPlist.strings in Resources */,
				376404FC15BB2D0700C8FA8E /* MainStoryboard.storyboard in Resources */,
				37EE350515BB87EC000A7178 /* bgndtexture.jpg in Resources */,
				378F380515BC65BE004C5508 /* arrow1.png in Resources */,
				378F380615BC65BE004C5508 /* arrow2.png in Resources */,
			);
			runOnlyForDeploymentPostprocessing = 0;
		};
		3764050215BB2D0700C8FA8E /* Resources */ = {
			isa = PBXResourcesBuildPhase;
			buildActionMask = 2147483647;
			files = (
				3764051115BB2D0700C8FA8E /* InfoPlist.strings in Resources */,
				37EE351D15BB9ECD000A7178 /* ClarendonLTStd-Bold.otf in Resources */,
				37EE351E15BB9ECD000A7178 /* ClarendonLTStd-Light.otf in Resources */,
				37EE351F15BB9ECD000A7178 /* ClarendonLTStd.otf in Resources */,
				37EE352015BB9ECD000A7178 /* FuturaStd-Bold.otf in Resources */,
				37EE352115BB9ECD000A7178 /* FuturaStd-BoldOblique.otf in Resources */,
				37EE352215BB9ECD000A7178 /* FuturaStd-Book.otf in Resources */,
				37EE352315BB9ECD000A7178 /* FuturaStd-BookOblique.otf in Resources */,
				37EE352415BB9ECD000A7178 /* FuturaStd-Condensed.otf in Resources */,
				37EE352515BB9ECD000A7178 /* FuturaStd-CondensedBold.otf in Resources */,
				37EE352615BB9ECD000A7178 /* FuturaStd-CondensedBoldObl.otf in Resources */,
				37EE352715BB9ECD000A7178 /* FuturaStd-CondensedExtraBd.otf in Resources */,
				37EE352815BB9ECD000A7178 /* FuturaStd-CondensedLight.otf in Resources */,
				37EE352915BB9ECD000A7178 /* FuturaStd-CondensedLightObl.otf in Resources */,
				37EE352A15BB9ECD000A7178 /* FuturaStd-CondensedOblique.otf in Resources */,
				37EE352B15BB9ECD000A7178 /* FuturaStd-CondExtraBoldObl.otf in Resources */,
				37EE352C15BB9ECD000A7178 /* FuturaStd-ExtraBold.otf in Resources */,
				37EE352D15BB9ECD000A7178 /* FuturaStd-ExtraBoldOblique.otf in Resources */,
				37EE352E15BB9ECD000A7178 /* FuturaStd-HeavyOblique.otf in Resources */,
				37EE352F15BB9ECD000A7178 /* FuturaStd-Light.otf in Resources */,
				37EE353015BB9ECD000A7178 /* FuturaStd-LightOblique.otf in Resources */,
				37EE353115BB9ECD000A7178 /* FuturaStd-Medium.otf in Resources */,
				37EE353215BB9ECD000A7178 /* FuturaStd-MediumOblique.otf in Resources */,
			);
			runOnlyForDeploymentPostprocessing = 0;
		};
/* End PBXResourcesBuildPhase section */

/* Begin PBXShellScriptBuildPhase section */
		3764050315BB2D0700C8FA8E /* ShellScript */ = {
			isa = PBXShellScriptBuildPhase;
			buildActionMask = 2147483647;
			files = (
			);
			inputPaths = (
			);
			outputPaths = (
			);
			runOnlyForDeploymentPostprocessing = 0;
			shellPath = /bin/sh;
			shellScript = "# Run the unit tests in this test bundle.\n\"${SYSTEM_DEVELOPER_DIR}/Tools/RunUnitTests\"\n";
		};
/* End PBXShellScriptBuildPhase section */

/* Begin PBXSourcesBuildPhase section */
		376404E015BB2D0700C8FA8E /* Sources */ = {
			isa = PBXSourcesBuildPhase;
			buildActionMask = 2147483647;
			files = (
				376404F515BB2D0700C8FA8E /* main.m in Sources */,
				376404F915BB2D0700C8FA8E /* TIAppDelegate.m in Sources */,
				376404FF15BB2D0700C8FA8E /* TIViewController.m in Sources */,
				3764051F15BB2DD100C8FA8E /* TICameraControllerViewController.m in Sources */,
				3764052215BB336000C8FA8E /* TIMapController.m in Sources */,
				3764056215BB460000C8FA8E /* TIPointOfInterest.m in Sources */,
				378F380115BBA6F6004C5508 /* TITags.m in Sources */,
				378F380915BC7094004C5508 /* TISwipeDownGestureRecognizer.m in Sources */,
			);
			runOnlyForDeploymentPostprocessing = 0;
		};
		3764050015BB2D0700C8FA8E /* Sources */ = {
			isa = PBXSourcesBuildPhase;
			buildActionMask = 2147483647;
			files = (
				3764051415BB2D0700C8FA8E /* TourItTests.m in Sources */,
			);
			runOnlyForDeploymentPostprocessing = 0;
		};
/* End PBXSourcesBuildPhase section */

/* Begin PBXTargetDependency section */
		3764050B15BB2D0700C8FA8E /* PBXTargetDependency */ = {
			isa = PBXTargetDependency;
			target = 376404E315BB2D0700C8FA8E /* TourIt */;
			targetProxy = 3764050A15BB2D0700C8FA8E /* PBXContainerItemProxy */;
		};
/* End PBXTargetDependency section */

/* Begin PBXVariantGroup section */
		376404F115BB2D0700C8FA8E /* InfoPlist.strings */ = {
			isa = PBXVariantGroup;
			children = (
				376404F215BB2D0700C8FA8E /* en */,
			);
			name = InfoPlist.strings;
			sourceTree = "<group>";
		};
		376404FA15BB2D0700C8FA8E /* MainStoryboard.storyboard */ = {
			isa = PBXVariantGroup;
			children = (
				376404FB15BB2D0700C8FA8E /* en */,
			);
			name = MainStoryboard.storyboard;
			sourceTree = "<group>";
		};
		3764050F15BB2D0700C8FA8E /* InfoPlist.strings */ = {
			isa = PBXVariantGroup;
			children = (
				3764051015BB2D0700C8FA8E /* en */,
			);
			name = InfoPlist.strings;
			sourceTree = "<group>";
		};
/* End PBXVariantGroup section */

/* Begin XCBuildConfiguration section */
		3764051515BB2D0700C8FA8E /* Debug */ = {
			isa = XCBuildConfiguration;
			buildSettings = {
				ALWAYS_SEARCH_USER_PATHS = NO;
				CLANG_CXX_LANGUAGE_STANDARD = "gnu++0x";
				CLANG_CXX_LIBRARY = "libc++";
				CLANG_ENABLE_OBJC_ARC = YES;
				CLANG_WARN__DUPLICATE_METHOD_MATCH = YES;
				"CODE_SIGN_IDENTITY[sdk=iphoneos*]" = "iPhone Developer";
				COPY_PHASE_STRIP = NO;
				GCC_C_LANGUAGE_STANDARD = gnu99;
				GCC_DYNAMIC_NO_PIC = NO;
				GCC_OPTIMIZATION_LEVEL = 0;
				GCC_PREPROCESSOR_DEFINITIONS = (
					"DEBUG=1",
					"$(inherited)",
				);
				GCC_SYMBOLS_PRIVATE_EXTERN = NO;
				GCC_WARN_ABOUT_RETURN_TYPE = YES;
				GCC_WARN_UNINITIALIZED_AUTOS = YES;
				GCC_WARN_UNUSED_VARIABLE = YES;
				IPHONEOS_DEPLOYMENT_TARGET = 6.0;
				SDKROOT = iphoneos;
			};
			name = Debug;
		};
		3764051615BB2D0700C8FA8E /* Release */ = {
			isa = XCBuildConfiguration;
			buildSettings = {
				ALWAYS_SEARCH_USER_PATHS = NO;
				CLANG_CXX_LANGUAGE_STANDARD = "gnu++0x";
				CLANG_CXX_LIBRARY = "libc++";
				CLANG_ENABLE_OBJC_ARC = YES;
				CLANG_WARN__DUPLICATE_METHOD_MATCH = YES;
				"CODE_SIGN_IDENTITY[sdk=iphoneos*]" = "iPhone Developer";
				COPY_PHASE_STRIP = YES;
				GCC_C_LANGUAGE_STANDARD = gnu99;
				GCC_WARN_ABOUT_RETURN_TYPE = YES;
				GCC_WARN_UNINITIALIZED_AUTOS = YES;
				GCC_WARN_UNUSED_VARIABLE = YES;
				IPHONEOS_DEPLOYMENT_TARGET = 6.0;
				OTHER_CFLAGS = "-DNS_BLOCK_ASSERTIONS=1";
				SDKROOT = iphoneos;
				VALIDATE_PRODUCT = YES;
			};
			name = Release;
		};
		3764051815BB2D0700C8FA8E /* Debug */ = {
			isa = XCBuildConfiguration;
			buildSettings = {
				FRAMEWORK_SEARCH_PATHS = (
					"$(inherited)",
					"\"$(SRCROOT)\"",
				);
				GCC_PRECOMPILE_PREFIX_HEADER = YES;
				GCC_PREFIX_HEADER = "TourIt/TourIt-Prefix.pch";
				INFOPLIST_FILE = "TourIt/TourIt-Info.plist";
				LIBRARY_SEARCH_PATHS = (
					"$(inherited)",
					"\"$(SRCROOT)/1.0.59\"",
				);
				PRODUCT_NAME = "$(TARGET_NAME)";
				WRAPPER_EXTENSION = app;
			};
			name = Debug;
		};
		3764051915BB2D0700C8FA8E /* Release */ = {
			isa = XCBuildConfiguration;
			buildSettings = {
				FRAMEWORK_SEARCH_PATHS = (
					"$(inherited)",
					"\"$(SRCROOT)\"",
				);
				GCC_PRECOMPILE_PREFIX_HEADER = YES;
				GCC_PREFIX_HEADER = "TourIt/TourIt-Prefix.pch";
				INFOPLIST_FILE = "TourIt/TourIt-Info.plist";
				LIBRARY_SEARCH_PATHS = (
					"$(inherited)",
					"\"$(SRCROOT)/1.0.59\"",
				);
				PRODUCT_NAME = "$(TARGET_NAME)";
				WRAPPER_EXTENSION = app;
			};
			name = Release;
		};
		3764051B15BB2D0700C8FA8E /* Debug */ = {
			isa = XCBuildConfiguration;
			buildSettings = {
				BUNDLE_LOADER = "$(BUILT_PRODUCTS_DIR)/TourIt.app/TourIt";
				FRAMEWORK_SEARCH_PATHS = (
					"\"$(SDKROOT)/Developer/Library/Frameworks\"",
					"\"$(DEVELOPER_LIBRARY_DIR)/Frameworks\"",
				);
				GCC_PRECOMPILE_PREFIX_HEADER = YES;
				GCC_PREFIX_HEADER = "TourIt/TourIt-Prefix.pch";
				INFOPLIST_FILE = "TourItTests/TourItTests-Info.plist";
				PRODUCT_NAME = "$(TARGET_NAME)";
				TEST_HOST = "$(BUNDLE_LOADER)";
				WRAPPER_EXTENSION = octest;
			};
			name = Debug;
		};
		3764051C15BB2D0700C8FA8E /* Release */ = {
			isa = XCBuildConfiguration;
			buildSettings = {
				BUNDLE_LOADER = "$(BUILT_PRODUCTS_DIR)/TourIt.app/TourIt";
				FRAMEWORK_SEARCH_PATHS = (
					"\"$(SDKROOT)/Developer/Library/Frameworks\"",
					"\"$(DEVELOPER_LIBRARY_DIR)/Frameworks\"",
				);
				GCC_PRECOMPILE_PREFIX_HEADER = YES;
				GCC_PREFIX_HEADER = "TourIt/TourIt-Prefix.pch";
				INFOPLIST_FILE = "TourItTests/TourItTests-Info.plist";
				PRODUCT_NAME = "$(TARGET_NAME)";
				TEST_HOST = "$(BUNDLE_LOADER)";
				WRAPPER_EXTENSION = octest;
			};
			name = Release;
		};
/* End XCBuildConfiguration section */

/* Begin XCConfigurationList section */
		376404DE15BB2D0600C8FA8E /* Build configuration list for PBXProject "TourIt" */ = {
			isa = XCConfigurationList;
			buildConfigurations = (
				3764051515BB2D0700C8FA8E /* Debug */,
				3764051615BB2D0700C8FA8E /* Release */,
			);
			defaultConfigurationIsVisible = 0;
			defaultConfigurationName = Release;
		};
		3764051715BB2D0700C8FA8E /* Build configuration list for PBXNativeTarget "TourIt" */ = {
			isa = XCConfigurationList;
			buildConfigurations = (
				3764051815BB2D0700C8FA8E /* Debug */,
				3764051915BB2D0700C8FA8E /* Release */,
			);
			defaultConfigurationIsVisible = 0;
			defaultConfigurationName = Release;
		};
		3764051A15BB2D0700C8FA8E /* Build configuration list for PBXNativeTarget "TourItTests" */ = {
			isa = XCConfigurationList;
			buildConfigurations = (
				3764051B15BB2D0700C8FA8E /* Debug */,
				3764051C15BB2D0700C8FA8E /* Release */,
			);
			defaultConfigurationIsVisible = 0;
			defaultConfigurationName = Release;
		};
/* End XCConfigurationList section */
	};
	rootObject = 376404DB15BB2D0600C8FA8E /* Project object */;
}
